// !$*UTF8*$!
{
	archiveVersion = 1;
	classes = {
	};
	objectVersion = 50;
	objects = {

/* Begin PBXBuildFile section */
		AD5F0539220232ED004337F4 /* Badger.framework in Frameworks */ = {isa = PBXBuildFile; fileRef = AD5F052F220232ED004337F4 /* Badger.framework */; };
		AD5F056222026647004337F4 /* Badger.h in Headers */ = {isa = PBXBuildFile; fileRef = AD5F055E22026647004337F4 /* Badger.h */; settings = {ATTRIBUTES = (Public, ); }; };
		AD5F056C220268DA004337F4 /* BaseTestCase.swift in Sources */ = {isa = PBXBuildFile; fileRef = AD5F056B220268DA004337F4 /* BaseTestCase.swift */; };
/* End PBXBuildFile section */

/* Begin PBXContainerItemProxy section */
		AD5F053A220232ED004337F4 /* PBXContainerItemProxy */ = {
			isa = PBXContainerItemProxy;
			containerPortal = AD5F0526220232ED004337F4 /* Project object */;
			proxyType = 1;
			remoteGlobalIDString = AD5F052E220232ED004337F4;
			remoteInfo = Badger;
		};
/* End PBXContainerItemProxy section */

/* Begin PBXFileReference section */
		AD5F052F220232ED004337F4 /* Badger.framework */ = {isa = PBXFileReference; explicitFileType = wrapper.framework; includeInIndex = 0; path = Badger.framework; sourceTree = BUILT_PRODUCTS_DIR; };
		AD5F0538220232ED004337F4 /* Badger-iOS-Tests.xctest */ = {isa = PBXFileReference; explicitFileType = wrapper.cfbundle; includeInIndex = 0; path = "Badger-iOS-Tests.xctest"; sourceTree = BUILT_PRODUCTS_DIR; };
		AD5F055B22026647004337F4 /* Info.plist */ = {isa = PBXFileReference; fileEncoding = 4; lastKnownFileType = text.plist.xml; path = Info.plist; sourceTree = "<group>"; };
		AD5F055D22026647004337F4 /* Info.plist */ = {isa = PBXFileReference; fileEncoding = 4; lastKnownFileType = text.plist.xml; path = Info.plist; sourceTree = "<group>"; };
		AD5F055E22026647004337F4 /* Badger.h */ = {isa = PBXFileReference; fileEncoding = 4; lastKnownFileType = sourcecode.c.h; path = Badger.h; sourceTree = "<group>"; };
		AD5F056B220268DA004337F4 /* BaseTestCase.swift */ = {isa = PBXFileReference; lastKnownFileType = sourcecode.swift; path = BaseTestCase.swift; sourceTree = "<group>"; };
/* End PBXFileReference section */

/* Begin PBXFrameworksBuildPhase section */
		AD5F052C220232ED004337F4 /* Frameworks */ = {
			isa = PBXFrameworksBuildPhase;
			buildActionMask = 2147483647;
			files = (
			);
			runOnlyForDeploymentPostprocessing = 0;
		};
		AD5F0535220232ED004337F4 /* Frameworks */ = {
			isa = PBXFrameworksBuildPhase;
			buildActionMask = 2147483647;
			files = (
				AD5F0539220232ED004337F4 /* Badger.framework in Frameworks */,
			);
			runOnlyForDeploymentPostprocessing = 0;
		};
/* End PBXFrameworksBuildPhase section */

/* Begin PBXGroup section */
		AD5F0525220232ED004337F4 = {
			isa = PBXGroup;
			children = (
				AD5F055C22026647004337F4 /* Source */,
				AD5F055922026647004337F4 /* Tests */,
				AD5F0530220232ED004337F4 /* Products */,
			);
			sourceTree = "<group>";
		};
		AD5F0530220232ED004337F4 /* Products */ = {
			isa = PBXGroup;
			children = (
				AD5F052F220232ED004337F4 /* Badger.framework */,
				AD5F0538220232ED004337F4 /* Badger-iOS-Tests.xctest */,
			);
			name = Products;
			sourceTree = "<group>";
		};
		AD5F055922026647004337F4 /* Tests */ = {
			isa = PBXGroup;
			children = (
				AD5F056B220268DA004337F4 /* BaseTestCase.swift */,
				AD5F056E22026BA5004337F4 /* Core */,
				AD5F056F22026BAA004337F4 /* Extensions */,
				AD5F057022026BAF004337F4 /* Features */,
				AD5F057122026BB5004337F4 /* Resources */,
				AD5F056D220268E3004337F4 /* Supporting Files */,
			);
			path = Tests;
			sourceTree = "<group>";
		};
		AD5F055C22026647004337F4 /* Source */ = {
			isa = PBXGroup;
			children = (
				AD5F056322026656004337F4 /* Core */,
				AD5F05642202665C004337F4 /* Extensions */,
				AD5F056522026661004337F4 /* Features */,
				AD5F057222026BC2004337F4 /* Resources */,
				AD5F056622026666004337F4 /* Supportining Files */,
			);
			path = Source;
			sourceTree = "<group>";
		};
		AD5F056322026656004337F4 /* Core */ = {
			isa = PBXGroup;
			children = (
			);
			name = Core;
			sourceTree = "<group>";
		};
		AD5F05642202665C004337F4 /* Extensions */ = {
			isa = PBXGroup;
			children = (
			);
			name = Extensions;
			sourceTree = "<group>";
		};
		AD5F056522026661004337F4 /* Features */ = {
			isa = PBXGroup;
			children = (
			);
			name = Features;
			sourceTree = "<group>";
		};
		AD5F056622026666004337F4 /* Supportining Files */ = {
			isa = PBXGroup;
			children = (
				AD5F055D22026647004337F4 /* Info.plist */,
				AD5F055E22026647004337F4 /* Badger.h */,
			);
			name = "Supportining Files";
			sourceTree = "<group>";
		};
		AD5F056D220268E3004337F4 /* Supporting Files */ = {
			isa = PBXGroup;
			children = (
				AD5F055B22026647004337F4 /* Info.plist */,
			);
			name = "Supporting Files";
			sourceTree = "<group>";
		};
		AD5F056E22026BA5004337F4 /* Core */ = {
			isa = PBXGroup;
			children = (
			);
			name = Core;
			sourceTree = "<group>";
		};
		AD5F056F22026BAA004337F4 /* Extensions */ = {
			isa = PBXGroup;
			children = (
			);
			name = Extensions;
			sourceTree = "<group>";
		};
		AD5F057022026BAF004337F4 /* Features */ = {
			isa = PBXGroup;
			children = (
			);
			name = Features;
			sourceTree = "<group>";
		};
		AD5F057122026BB5004337F4 /* Resources */ = {
			isa = PBXGroup;
			children = (
			);
			name = Resources;
			sourceTree = "<group>";
		};
		AD5F057222026BC2004337F4 /* Resources */ = {
			isa = PBXGroup;
			children = (
			);
			name = Resources;
			sourceTree = "<group>";
		};
/* End PBXGroup section */

/* Begin PBXHeadersBuildPhase section */
		AD5F052A220232ED004337F4 /* Headers */ = {
			isa = PBXHeadersBuildPhase;
			buildActionMask = 2147483647;
			files = (
				AD5F056222026647004337F4 /* Badger.h in Headers */,
			);
			runOnlyForDeploymentPostprocessing = 0;
		};
/* End PBXHeadersBuildPhase section */

/* Begin PBXNativeTarget section */
		AD5F052E220232ED004337F4 /* Badger-iOS */ = {
			isa = PBXNativeTarget;
			buildConfigurationList = AD5F0543220232EE004337F4 /* Build configuration list for PBXNativeTarget "Badger-iOS" */;
			buildPhases = (
				AD5F052A220232ED004337F4 /* Headers */,
				AD5F052B220232ED004337F4 /* Sources */,
				AD5F052C220232ED004337F4 /* Frameworks */,
				AD5F052D220232ED004337F4 /* Resources */,
			);
			buildRules = (
			);
			dependencies = (
			);
			name = "Badger-iOS";
			productName = Badger;
			productReference = AD5F052F220232ED004337F4 /* Badger.framework */;
			productType = "com.apple.product-type.framework";
		};
		AD5F0537220232ED004337F4 /* Badger-iOS-Tests */ = {
			isa = PBXNativeTarget;
			buildConfigurationList = AD5F0546220232EE004337F4 /* Build configuration list for PBXNativeTarget "Badger-iOS-Tests" */;
			buildPhases = (
				AD5F0534220232ED004337F4 /* Sources */,
				AD5F0535220232ED004337F4 /* Frameworks */,
				AD5F0536220232ED004337F4 /* Resources */,
			);
			buildRules = (
			);
			dependencies = (
				AD5F053B220232ED004337F4 /* PBXTargetDependency */,
			);
			name = "Badger-iOS-Tests";
			productName = BadgerTests;
			productReference = AD5F0538220232ED004337F4 /* Badger-iOS-Tests.xctest */;
			productType = "com.apple.product-type.bundle.unit-test";
		};
/* End PBXNativeTarget section */

/* Begin PBXProject section */
		AD5F0526220232ED004337F4 /* Project object */ = {
			isa = PBXProject;
			attributes = {
				LastSwiftUpdateCheck = 1010;
				LastUpgradeCheck = 1010;
				ORGANIZATIONNAME = "PXPGraphics, Inc.";
				TargetAttributes = {
					AD5F052E220232ED004337F4 = {
						CreatedOnToolsVersion = 10.1;
						LastSwiftMigration = 1010;
					};
					AD5F0537220232ED004337F4 = {
						CreatedOnToolsVersion = 10.1;
						LastSwiftMigration = 1010;
					};
				};
			};
			buildConfigurationList = AD5F0529220232ED004337F4 /* Build configuration list for PBXProject "Badger" */;
			compatibilityVersion = "Xcode 9.3";
			developmentRegion = en;
			hasScannedForEncodings = 0;
			knownRegions = (
				en,
			);
			mainGroup = AD5F0525220232ED004337F4;
			productRefGroup = AD5F0530220232ED004337F4 /* Products */;
			projectDirPath = "";
			projectRoot = "";
			targets = (
				AD5F052E220232ED004337F4 /* Badger-iOS */,
				AD5F0537220232ED004337F4 /* Badger-iOS-Tests */,
			);
		};
/* End PBXProject section */

/* Begin PBXResourcesBuildPhase section */
		AD5F052D220232ED004337F4 /* Resources */ = {
			isa = PBXResourcesBuildPhase;
			buildActionMask = 2147483647;
			files = (
			);
			runOnlyForDeploymentPostprocessing = 0;
		};
		AD5F0536220232ED004337F4 /* Resources */ = {
			isa = PBXResourcesBuildPhase;
			buildActionMask = 2147483647;
			files = (
			);
			runOnlyForDeploymentPostprocessing = 0;
		};
/* End PBXResourcesBuildPhase section */

/* Begin PBXSourcesBuildPhase section */
		AD5F052B220232ED004337F4 /* Sources */ = {
			isa = PBXSourcesBuildPhase;
			buildActionMask = 2147483647;
			files = (
			);
			runOnlyForDeploymentPostprocessing = 0;
		};
		AD5F0534220232ED004337F4 /* Sources */ = {
			isa = PBXSourcesBuildPhase;
			buildActionMask = 2147483647;
			files = (
				AD5F056C220268DA004337F4 /* BaseTestCase.swift in Sources */,
			);
			runOnlyForDeploymentPostprocessing = 0;
		};
/* End PBXSourcesBuildPhase section */

/* Begin PBXTargetDependency section */
		AD5F053B220232ED004337F4 /* PBXTargetDependency */ = {
			isa = PBXTargetDependency;
			target = AD5F052E220232ED004337F4 /* Badger-iOS */;
			targetProxy = AD5F053A220232ED004337F4 /* PBXContainerItemProxy */;
		};
/* End PBXTargetDependency section */

/* Begin XCBuildConfiguration section */
		AD5F0541220232EE004337F4 /* Debug */ = {
			isa = XCBuildConfiguration;
			buildSettings = {
				ALWAYS_SEARCH_USER_PATHS = NO;
				CLANG_ANALYZER_NONNULL = YES;
				CLANG_ANALYZER_NUMBER_OBJECT_CONVERSION = YES_AGGRESSIVE;
				CLANG_CXX_LANGUAGE_STANDARD = "gnu++14";
				CLANG_CXX_LIBRARY = "libc++";
				CLANG_ENABLE_MODULES = YES;
				CLANG_ENABLE_OBJC_ARC = YES;
				CLANG_ENABLE_OBJC_WEAK = YES;
				CLANG_WARN_BLOCK_CAPTURE_AUTORELEASING = YES;
				CLANG_WARN_BOOL_CONVERSION = YES;
				CLANG_WARN_COMMA = YES;
				CLANG_WARN_CONSTANT_CONVERSION = YES;
				CLANG_WARN_DEPRECATED_OBJC_IMPLEMENTATIONS = YES;
				CLANG_WARN_DIRECT_OBJC_ISA_USAGE = YES_ERROR;
				CLANG_WARN_DOCUMENTATION_COMMENTS = YES;
				CLANG_WARN_EMPTY_BODY = YES;
				CLANG_WARN_ENUM_CONVERSION = YES;
				CLANG_WARN_INFINITE_RECURSION = YES;
				CLANG_WARN_INT_CONVERSION = YES;
				CLANG_WARN_NON_LITERAL_NULL_CONVERSION = YES;
				CLANG_WARN_OBJC_IMPLICIT_RETAIN_SELF = YES;
				CLANG_WARN_OBJC_LITERAL_CONVERSION = YES;
				CLANG_WARN_OBJC_ROOT_CLASS = YES_ERROR;
				CLANG_WARN_RANGE_LOOP_ANALYSIS = YES;
				CLANG_WARN_STRICT_PROTOTYPES = YES;
				CLANG_WARN_SUSPICIOUS_MOVE = YES;
				CLANG_WARN_UNGUARDED_AVAILABILITY = YES_AGGRESSIVE;
				CLANG_WARN_UNREACHABLE_CODE = YES;
				CLANG_WARN__DUPLICATE_METHOD_MATCH = YES;
				CODE_SIGN_IDENTITY = "iPhone Developer";
				COPY_PHASE_STRIP = NO;
				CURRENT_PROJECT_VERSION = 1;
				DEBUG_INFORMATION_FORMAT = dwarf;
				ENABLE_STRICT_OBJC_MSGSEND = YES;
				ENABLE_TESTABILITY = YES;
				GCC_C_LANGUAGE_STANDARD = gnu11;
				GCC_DYNAMIC_NO_PIC = NO;
				GCC_NO_COMMON_BLOCKS = YES;
				GCC_OPTIMIZATION_LEVEL = 0;
				GCC_PREPROCESSOR_DEFINITIONS = (
					"DEBUG=1",
					"$(inherited)",
				);
				GCC_WARN_64_TO_32_BIT_CONVERSION = YES;
				GCC_WARN_ABOUT_RETURN_TYPE = YES_ERROR;
				GCC_WARN_UNDECLARED_SELECTOR = YES;
				GCC_WARN_UNINITIALIZED_AUTOS = YES_AGGRESSIVE;
				GCC_WARN_UNUSED_FUNCTION = YES;
				GCC_WARN_UNUSED_VARIABLE = YES;
				IPHONEOS_DEPLOYMENT_TARGET = 12.1;
				MTL_ENABLE_DEBUG_INFO = INCLUDE_SOURCE;
				MTL_FAST_MATH = YES;
				ONLY_ACTIVE_ARCH = YES;
				PRODUCT_BUNDLE_IDENTIFIER = com.pxpgraphics.Badger;
				PRODUCT_NAME = Badger;
				SDKROOT = iphoneos;
				SWIFT_ACTIVE_COMPILATION_CONDITIONS = DEBUG;
				SWIFT_OPTIMIZATION_LEVEL = "-Onone";
				VERSIONING_SYSTEM = "apple-generic";
				VERSION_INFO_PREFIX = "";
			};
			name = Debug;
		};
		AD5F0542220232EE004337F4 /* Release */ = {
			isa = XCBuildConfiguration;
			buildSettings = {
				ALWAYS_SEARCH_USER_PATHS = NO;
				CLANG_ANALYZER_NONNULL = YES;
				CLANG_ANALYZER_NUMBER_OBJECT_CONVERSION = YES_AGGRESSIVE;
				CLANG_CXX_LANGUAGE_STANDARD = "gnu++14";
				CLANG_CXX_LIBRARY = "libc++";
				CLANG_ENABLE_MODULES = YES;
				CLANG_ENABLE_OBJC_ARC = YES;
				CLANG_ENABLE_OBJC_WEAK = YES;
				CLANG_WARN_BLOCK_CAPTURE_AUTORELEASING = YES;
				CLANG_WARN_BOOL_CONVERSION = YES;
				CLANG_WARN_COMMA = YES;
				CLANG_WARN_CONSTANT_CONVERSION = YES;
				CLANG_WARN_DEPRECATED_OBJC_IMPLEMENTATIONS = YES;
				CLANG_WARN_DIRECT_OBJC_ISA_USAGE = YES_ERROR;
				CLANG_WARN_DOCUMENTATION_COMMENTS = YES;
				CLANG_WARN_EMPTY_BODY = YES;
				CLANG_WARN_ENUM_CONVERSION = YES;
				CLANG_WARN_INFINITE_RECURSION = YES;
				CLANG_WARN_INT_CONVERSION = YES;
				CLANG_WARN_NON_LITERAL_NULL_CONVERSION = YES;
				CLANG_WARN_OBJC_IMPLICIT_RETAIN_SELF = YES;
				CLANG_WARN_OBJC_LITERAL_CONVERSION = YES;
				CLANG_WARN_OBJC_ROOT_CLASS = YES_ERROR;
				CLANG_WARN_RANGE_LOOP_ANALYSIS = YES;
				CLANG_WARN_STRICT_PROTOTYPES = YES;
				CLANG_WARN_SUSPICIOUS_MOVE = YES;
				CLANG_WARN_UNGUARDED_AVAILABILITY = YES_AGGRESSIVE;
				CLANG_WARN_UNREACHABLE_CODE = YES;
				CLANG_WARN__DUPLICATE_METHOD_MATCH = YES;
				CODE_SIGN_IDENTITY = "iPhone Developer";
				COPY_PHASE_STRIP = NO;
				CURRENT_PROJECT_VERSION = 1;
				DEBUG_INFORMATION_FORMAT = "dwarf-with-dsym";
				ENABLE_NS_ASSERTIONS = NO;
				ENABLE_STRICT_OBJC_MSGSEND = YES;
				GCC_C_LANGUAGE_STANDARD = gnu11;
				GCC_NO_COMMON_BLOCKS = YES;
				GCC_WARN_64_TO_32_BIT_CONVERSION = YES;
				GCC_WARN_ABOUT_RETURN_TYPE = YES_ERROR;
				GCC_WARN_UNDECLARED_SELECTOR = YES;
				GCC_WARN_UNINITIALIZED_AUTOS = YES_AGGRESSIVE;
				GCC_WARN_UNUSED_FUNCTION = YES;
				GCC_WARN_UNUSED_VARIABLE = YES;
				IPHONEOS_DEPLOYMENT_TARGET = 12.1;
				MTL_ENABLE_DEBUG_INFO = NO;
				MTL_FAST_MATH = YES;
				PRODUCT_BUNDLE_IDENTIFIER = com.pxpgraphics.Badger;
				PRODUCT_NAME = Badger;
				SDKROOT = iphoneos;
				SWIFT_COMPILATION_MODE = wholemodule;
				SWIFT_OPTIMIZATION_LEVEL = "-O";
				VALIDATE_PRODUCT = YES;
				VERSIONING_SYSTEM = "apple-generic";
				VERSION_INFO_PREFIX = "";
			};
			name = Release;
		};
		AD5F0544220232EE004337F4 /* Debug */ = {
			isa = XCBuildConfiguration;
			buildSettings = {
				CLANG_ENABLE_MODULES = YES;
				CODE_SIGN_IDENTITY = "";
				CODE_SIGN_STYLE = Automatic;
				DEFINES_MODULE = YES;
				DYLIB_COMPATIBILITY_VERSION = 1;
				DYLIB_CURRENT_VERSION = 1;
				DYLIB_INSTALL_NAME_BASE = "@rpath";
				INFOPLIST_FILE = "$(SRCROOT)/Source/Info.plist";
				INSTALL_PATH = "$(LOCAL_LIBRARY_DIR)/Frameworks";
				LD_RUNPATH_SEARCH_PATHS = (
					"$(inherited)",
					"@executable_path/Frameworks",
					"@loader_path/Frameworks",
				);
				PRODUCT_BUNDLE_IDENTIFIER = com.pxpgraphics.Badger;
				PRODUCT_NAME = Badger;
				SKIP_INSTALL = YES;
				SWIFT_OPTIMIZATION_LEVEL = "-Onone";
				SWIFT_VERSION = 4.2;
				TARGETED_DEVICE_FAMILY = "1,2";
			};
			name = Debug;
		};
		AD5F0545220232EE004337F4 /* Release */ = {
			isa = XCBuildConfiguration;
			buildSettings = {
				CLANG_ENABLE_MODULES = YES;
				CODE_SIGN_IDENTITY = "";
				CODE_SIGN_STYLE = Automatic;
				DEFINES_MODULE = YES;
				DYLIB_COMPATIBILITY_VERSION = 1;
				DYLIB_CURRENT_VERSION = 1;
				DYLIB_INSTALL_NAME_BASE = "@rpath";
				INFOPLIST_FILE = "$(SRCROOT)/Source/Info.plist";
				INSTALL_PATH = "$(LOCAL_LIBRARY_DIR)/Frameworks";
				LD_RUNPATH_SEARCH_PATHS = (
					"$(inherited)",
					"@executable_path/Frameworks",
					"@loader_path/Frameworks",
				);
				PRODUCT_BUNDLE_IDENTIFIER = com.pxpgraphics.Badger;
				PRODUCT_NAME = Badger;
				SKIP_INSTALL = YES;
				SWIFT_VERSION = 4.2;
				TARGETED_DEVICE_FAMILY = "1,2";
			};
			name = Release;
		};
		AD5F0547220232EE004337F4 /* Debug */ = {
			isa = XCBuildConfiguration;
			buildSettings = {
				CLANG_ENABLE_MODULES = YES;
				CODE_SIGN_STYLE = Automatic;
				INFOPLIST_FILE = "$(SRCROOT)/Tests/Info.plist";
				LD_RUNPATH_SEARCH_PATHS = (
					"$(inherited)",
					"@executable_path/Frameworks",
					"@loader_path/Frameworks",
				);
				PRODUCT_BUNDLE_IDENTIFIER = com.pxpgraphics.BadgerTests;
				PRODUCT_NAME = "$(TARGET_NAME)";
				SWIFT_OPTIMIZATION_LEVEL = "-Onone";
				SWIFT_VERSION = 4.2;
				TARGETED_DEVICE_FAMILY = "1,2";
			};
			name = Debug;
		};
		AD5F0548220232EE004337F4 /* Release */ = {
			isa = XCBuildConfiguration;
			buildSettings = {
				CLANG_ENABLE_MODULES = YES;
				CODE_SIGN_STYLE = Automatic;
				INFOPLIST_FILE = "$(SRCROOT)/Tests/Info.plist";
				LD_RUNPATH_SEARCH_PATHS = (
					"$(inherited)",
					"@executable_path/Frameworks",
					"@loader_path/Frameworks",
				);
				PRODUCT_BUNDLE_IDENTIFIER = com.pxpgraphics.BadgerTests;
				PRODUCT_NAME = "$(TARGET_NAME)";
				SWIFT_VERSION = 4.2;
				TARGETED_DEVICE_FAMILY = "1,2";
			};
			name = Release;
		};
/* End XCBuildConfiguration section */

/* Begin XCConfigurationList section */
		AD5F0529220232ED004337F4 /* Build configuration list for PBXProject "Badger" */ = {
			isa = XCConfigurationList;
			buildConfigurations = (
				AD5F0541220232EE004337F4 /* Debug */,
				AD5F0542220232EE004337F4 /* Release */,
			);
			defaultConfigurationIsVisible = 0;
			defaultConfigurationName = Release;
		};
		AD5F0543220232EE004337F4 /* Build configuration list for PBXNativeTarget "Badger-iOS" */ = {
			isa = XCConfigurationList;
			buildConfigurations = (
				AD5F0544220232EE004337F4 /* Debug */,
				AD5F0545220232EE004337F4 /* Release */,
			);
			defaultConfigurationIsVisible = 0;
			defaultConfigurationName = Release;
		};
		AD5F0546220232EE004337F4 /* Build configuration list for PBXNativeTarget "Badger-iOS-Tests" */ = {
			isa = XCConfigurationList;
			buildConfigurations = (
				AD5F0547220232EE004337F4 /* Debug */,
				AD5F0548220232EE004337F4 /* Release */,
			);
			defaultConfigurationIsVisible = 0;
			defaultConfigurationName = Release;
		};
/* End XCConfigurationList section */
	};
	rootObject = AD5F0526220232ED004337F4 /* Project object */;
}
